{
    "lockfileVersion": 2,
    "name": "nora",
    "packages": {
        "": {
            "hasInstallScript": true,
            "license": "MIT",
            "name": "electron-react-boilerplate",
            "version": "4.5.0"
        }
    },
    "requires": true,
    "version": "2.5.0-stable"
}
